
Microsoft Visual Studio Solution File, Format Version 12.00
# Visual Studio Version 16
VisualStudioVersion = 16.0.32106.194
MinimumVisualStudioVersion = 10.0.40219.1
Project("{FAE04EC0-301F-11D3-BF4B-00C04F79EFBC}") = "Inlämning1TDD", "Inlämning1TDD.csproj", "{9AE71505-AC2A-493A-95D4-2F66D3766972}"
EndProject
Project("{FAE04EC0-301F-11D3-BF4B-00C04F79EFBC}") = "Calculator.Tests", "..\Calculator.Tests\Calculator.Tests.csproj", "{231ACEA5-FD90-4A6F-9BBA-D2C384B9E1B1}"
EndProject
Global
	GlobalSection(SolutionConfigurationPlatforms) = preSolution
		Debug|Any CPU = Debug|Any CPU
		Release|Any CPU = Release|Any CPU
	EndGlobalSection
	GlobalSection(ProjectConfigurationPlatforms) = postSolution
		{9AE71505-AC2A-493A-95D4-2F66D3766972}.Debug|Any CPU.ActiveCfg = Debug|Any CPU
		{9AE71505-AC2A-493A-95D4-2F66D3766972}.Debug|Any CPU.Build.0 = Debug|Any CPU
		{9AE71505-AC2A-493A-95D4-2F66D3766972}.Release|Any CPU.ActiveCfg = Release|Any CPU
		{9AE71505-AC2A-493A-95D4-2F66D3766972}.Release|Any CPU.Build.0 = Release|Any CPU
		{231ACEA5-FD90-4A6F-9BBA-D2C384B9E1B1}.Debug|Any CPU.ActiveCfg = Debug|Any CPU
		{231ACEA5-FD90-4A6F-9BBA-D2C384B9E1B1}.Debug|Any CPU.Build.0 = Debug|Any CPU
		{231ACEA5-FD90-4A6F-9BBA-D2C384B9E1B1}.Release|Any CPU.ActiveCfg = Release|Any CPU
		{231ACEA5-FD90-4A6F-9BBA-D2C384B9E1B1}.Release|Any CPU.Build.0 = Release|Any CPU
	EndGlobalSection
	GlobalSection(SolutionProperties) = preSolution
		HideSolutionNode = FALSE
	EndGlobalSection
	GlobalSection(ExtensibilityGlobals) = postSolution
		SolutionGuid = {0073DD40-0CB7-4E6F-87EC-3A8BEF16616C}
	EndGlobalSection
EndGlobal
